
Microsoft Visual Studio Solution File, Format Version 12.00
# Visual Studio 15
VisualStudioVersion = 15.0.27703.2047
MinimumVisualStudioVersion = 10.0.40219.1
Project("{9A19103F-16F7-4668-BE54-9A1E7A4F7556}") = "Cloud.Core", "Cloud.Core\Cloud.Core.csproj", "{49353CB1-6857-4E9E-B65C-A9A894025902}"
EndProject
Project("{FAE04EC0-301F-11D3-BF4B-00C04F79EFBC}") = "Cloud.Core.Tests", "Tests\Cloud.Core.Tests.csproj", "{F0CD7CC0-BDAB-4AA8-8C5B-0D5829C6820F}"
EndProject
Global
	GlobalSection(SolutionConfigurationPlatforms) = preSolution
		Debug|Any CPU = Debug|Any CPU
		Release|Any CPU = Release|Any CPU
	EndGlobalSection
	GlobalSection(ProjectConfigurationPlatforms) = postSolution
		{49353CB1-6857-4E9E-B65C-A9A894025902}.Debug|Any CPU.ActiveCfg = Debug|Any CPU
		{49353CB1-6857-4E9E-B65C-A9A894025902}.Debug|Any CPU.Build.0 = Debug|Any CPU
		{49353CB1-6857-4E9E-B65C-A9A894025902}.Release|Any CPU.ActiveCfg = Release|Any CPU
		{49353CB1-6857-4E9E-B65C-A9A894025902}.Release|Any CPU.Build.0 = Release|Any CPU
		{F0CD7CC0-BDAB-4AA8-8C5B-0D5829C6820F}.Debug|Any CPU.ActiveCfg = Debug|Any CPU
		{F0CD7CC0-BDAB-4AA8-8C5B-0D5829C6820F}.Debug|Any CPU.Build.0 = Debug|Any CPU
		{F0CD7CC0-BDAB-4AA8-8C5B-0D5829C6820F}.Release|Any CPU.ActiveCfg = Release|Any CPU
		{F0CD7CC0-BDAB-4AA8-8C5B-0D5829C6820F}.Release|Any CPU.Build.0 = Release|Any CPU
	EndGlobalSection
	GlobalSection(SolutionProperties) = preSolution
		HideSolutionNode = FALSE
	EndGlobalSection
	GlobalSection(ExtensibilityGlobals) = postSolution
		SolutionGuid = {D03DCC35-27ED-48CE-ADFA-5D0537FB20FF}
	EndGlobalSection
EndGlobal
